
Microsoft Visual Studio Solution File, Format Version 12.00
# Visual Studio Version 17
VisualStudioVersion = 17.12.35323.107
MinimumVisualStudioVersion = 10.0.40219.1
Project("{FAE04EC0-301F-11D3-BF4B-00C04F79EFBC}") = "GenAIDBExplorer.Console", "GenAIDBExplorer.Console\GenAIDBExplorer.Console.csproj", "{7969708C-FF0A-458F-A79E-84FEBEA43144}"
EndProject
Project("{2150E333-8FDC-42A3-9474-1A3956D46DE8}") = "Tests", "Tests", "{AE3C59E3-D04A-4DF8-B8A0-251510F7312E}"
EndProject
Project("{2150E333-8FDC-42A3-9474-1A3956D46DE8}") = "Unit", "Unit", "{196DBF2D-9EE1-4453-9A59-70FE0FB2EBB9}"
EndProject
Project("{2150E333-8FDC-42A3-9474-1A3956D46DE8}") = ".github", ".github", "{F932A986-F757-43FA-A2DA-EE69555F7F57}"
	ProjectSection(SolutionItems) = preProject
		..\..\.github\copilot-instructions.md = ..\..\.github\copilot-instructions.md
	EndProjectSection
EndProject
Project("{2150E333-8FDC-42A3-9474-1A3956D46DE8}") = "workflows", "workflows", "{9F6A9BFE-07ED-49EF-88BF-9E5B09EF61A3}"
	ProjectSection(SolutionItems) = preProject
		..\..\.github\workflows\build-applications.yml = ..\..\.github\workflows\build-applications.yml
		..\..\.github\workflows\build-arm-templates.yml = ..\..\.github\workflows\build-arm-templates.yml
		..\..\.github\workflows\continuous-deployment.yml = ..\..\.github\workflows\continuous-deployment.yml
		..\..\.github\workflows\continuous-integration.yml = ..\..\.github\workflows\continuous-integration.yml
		..\..\.github\workflows\deploy-infrastructure.yml = ..\..\.github\workflows\deploy-infrastructure.yml
		..\..\.github\workflows\publish-release.yml = ..\..\.github\workflows\publish-release.yml
		..\..\.github\workflows\set-build-variables.yml = ..\..\.github\workflows\set-build-variables.yml
		..\..\.github\workflows\test-run-unit-tests.yml = ..\..\.github\workflows\test-run-unit-tests.yml
		..\..\.github\workflows\validate-infrastructure.yml = ..\..\.github\workflows\validate-infrastructure.yml
	EndProjectSection
EndProject
Project("{2150E333-8FDC-42A3-9474-1A3956D46DE8}") = "docs", "docs", "{92129E6D-FCE0-4431-A456-AD4678B325BE}"
	ProjectSection(SolutionItems) = preProject
		..\..\docs\INSTALLATION.md = ..\..\docs\INSTALLATION.md
		..\..\docs\QUICKSTART.md = ..\..\docs\QUICKSTART.md
		..\..\README.md = ..\..\README.md
	EndProjectSection
EndProject
Project("{2150E333-8FDC-42A3-9474-1A3956D46DE8}") = "infra", "infra", "{505C00C0-1F49-4212-831B-8C45673ED89D}"
EndProject
Project("{2150E333-8FDC-42A3-9474-1A3956D46DE8}") = "bicep", "bicep", "{AFA1E28B-A93F-466A-BC24-27C0269C1530}"
	ProjectSection(SolutionItems) = preProject
		..\..\infra\bicepconfig.json = ..\..\infra\bicepconfig.json
		..\..\infra\main.bicep = ..\..\infra\main.bicep
	EndProjectSection
EndProject
Project("{2150E333-8FDC-42A3-9474-1A3956D46DE8}") = "modules", "modules", "{525A63A8-D163-4CD1-805D-C35DBFB021D2}"
	ProjectSection(SolutionItems) = preProject
		..\..\infra\modules\aiSearch.bicep = ..\..\infra\modules\aiSearch.bicep
		..\..\infra\modules\monitoring.bicep = ..\..\infra\modules\monitoring.bicep
		..\..\infra\modules\openAiService.bicep = ..\..\infra\modules\openAiService.bicep
		..\..\infra\modules\roleAssignment.bicep = ..\..\infra\modules\roleAssignment.bicep
		..\..\infra\modules\sqlDatabase.bicep = ..\..\infra\modules\sqlDatabase.bicep
	EndProjectSection
EndProject
Project("{FAE04EC0-301F-11D3-BF4B-00C04F79EFBC}") = "GenAIDBExplorer.Core", "GenAIDBExplorer.Core\GenAIDBExplorer.Core.csproj", "{149A5661-5CD2-4D33-99C8-ACCC3D9FC350}"
EndProject
Project("{FAE04EC0-301F-11D3-BF4B-00C04F79EFBC}") = "GenAIDBExplorer.Core.Test", "Tests\Unit\GenAIDBExplorer.Core.Test\GenAIDBExplorer.Core.Test.csproj", "{8024E38F-BBEA-4C5A-9065-F57F29E8B9A3}"
EndProject
Project("{FAE04EC0-301F-11D3-BF4B-00C04F79EFBC}") = "GenAIDBExplorer.Console.Test", "Tests\Unit\GenAIDBExplorer.Console.Test\GenAIDBExplorer.Console.Test.csproj", "{EFBD0680-2A78-4D0A-BE54-CB92D2185332}"
EndProject
Project("{2150E333-8FDC-42A3-9474-1A3956D46DE8}") = "gaidbexp", "gaidbexp", "{02EA681E-C7D8-13C7-8484-4AC65E1B71E8}"
	ProjectSection(SolutionItems) = preProject
		..\..\docs\gaidbexp\README.md = ..\..\docs\gaidbexp\README.md
	EndProjectSection
EndProject
Project("{2150E333-8FDC-42A3-9474-1A3956D46DE8}") = "Solution Items", "Solution Items", "{8EC462FD-D22E-90A8-E5CE-7E832BA40C5D}"
	ProjectSection(SolutionItems) = preProject
		.mcp.json = .mcp.json
	EndProjectSection
EndProject
Project("{2150E333-8FDC-42A3-9474-1A3956D46DE8}") = "ISSUE_TEMPLATE", "ISSUE_TEMPLATE", "{394573BC-D0AC-4EDA-9CFD-7D4456DBA207}"
	ProjectSection(SolutionItems) = preProject
		..\..\.github\ISSUE_TEMPLATE\bug_report.yml = ..\..\.github\ISSUE_TEMPLATE\bug_report.yml
		..\..\.github\ISSUE_TEMPLATE\chore_request.yml = ..\..\.github\ISSUE_TEMPLATE\chore_request.yml
		..\..\.github\ISSUE_TEMPLATE\feature_request.yml = ..\..\.github\ISSUE_TEMPLATE\feature_request.yml
	EndProjectSection
EndProject
Global
	GlobalSection(SolutionConfigurationPlatforms) = preSolution
		Debug|Any CPU = Debug|Any CPU
		Release|Any CPU = Release|Any CPU
	EndGlobalSection
	GlobalSection(ProjectConfigurationPlatforms) = postSolution
		{7969708C-FF0A-458F-A79E-84FEBEA43144}.Debug|Any CPU.ActiveCfg = Debug|Any CPU
		{7969708C-FF0A-458F-A79E-84FEBEA43144}.Debug|Any CPU.Build.0 = Debug|Any CPU
		{7969708C-FF0A-458F-A79E-84FEBEA43144}.Release|Any CPU.ActiveCfg = Release|Any CPU
		{7969708C-FF0A-458F-A79E-84FEBEA43144}.Release|Any CPU.Build.0 = Release|Any CPU
		{149A5661-5CD2-4D33-99C8-ACCC3D9FC350}.Debug|Any CPU.ActiveCfg = Debug|Any CPU
		{149A5661-5CD2-4D33-99C8-ACCC3D9FC350}.Debug|Any CPU.Build.0 = Debug|Any CPU
		{149A5661-5CD2-4D33-99C8-ACCC3D9FC350}.Release|Any CPU.ActiveCfg = Release|Any CPU
		{149A5661-5CD2-4D33-99C8-ACCC3D9FC350}.Release|Any CPU.Build.0 = Release|Any CPU
		{8024E38F-BBEA-4C5A-9065-F57F29E8B9A3}.Debug|Any CPU.ActiveCfg = Debug|Any CPU
		{8024E38F-BBEA-4C5A-9065-F57F29E8B9A3}.Debug|Any CPU.Build.0 = Debug|Any CPU
		{8024E38F-BBEA-4C5A-9065-F57F29E8B9A3}.Release|Any CPU.ActiveCfg = Release|Any CPU
		{8024E38F-BBEA-4C5A-9065-F57F29E8B9A3}.Release|Any CPU.Build.0 = Release|Any CPU
		{EFBD0680-2A78-4D0A-BE54-CB92D2185332}.Debug|Any CPU.ActiveCfg = Debug|Any CPU
		{EFBD0680-2A78-4D0A-BE54-CB92D2185332}.Debug|Any CPU.Build.0 = Debug|Any CPU
		{EFBD0680-2A78-4D0A-BE54-CB92D2185332}.Release|Any CPU.ActiveCfg = Release|Any CPU
		{EFBD0680-2A78-4D0A-BE54-CB92D2185332}.Release|Any CPU.Build.0 = Release|Any CPU
	EndGlobalSection
	GlobalSection(SolutionProperties) = preSolution
		HideSolutionNode = FALSE
	EndGlobalSection
	GlobalSection(NestedProjects) = preSolution
		{196DBF2D-9EE1-4453-9A59-70FE0FB2EBB9} = {AE3C59E3-D04A-4DF8-B8A0-251510F7312E}
		{9F6A9BFE-07ED-49EF-88BF-9E5B09EF61A3} = {F932A986-F757-43FA-A2DA-EE69555F7F57}
		{AFA1E28B-A93F-466A-BC24-27C0269C1530} = {505C00C0-1F49-4212-831B-8C45673ED89D}
		{525A63A8-D163-4CD1-805D-C35DBFB021D2} = {AFA1E28B-A93F-466A-BC24-27C0269C1530}
		{8024E38F-BBEA-4C5A-9065-F57F29E8B9A3} = {196DBF2D-9EE1-4453-9A59-70FE0FB2EBB9}
		{EFBD0680-2A78-4D0A-BE54-CB92D2185332} = {196DBF2D-9EE1-4453-9A59-70FE0FB2EBB9}
		{02EA681E-C7D8-13C7-8484-4AC65E1B71E8} = {92129E6D-FCE0-4431-A456-AD4678B325BE}
		{394573BC-D0AC-4EDA-9CFD-7D4456DBA207} = {F932A986-F757-43FA-A2DA-EE69555F7F57}
	EndGlobalSection
	GlobalSection(ExtensibilityGlobals) = postSolution
		SolutionGuid = {77E9FCDF-9A98-4242-A12D-9565607A3087}
	EndGlobalSection
EndGlobal
